
Microsoft Visual Studio Solution File, Format Version 12.00
Project("{FAE04EC0-301F-11D3-BF4B-00C04F79EFBC}") = "HappreeTool.Windows", "HappreeTool.Windows.csproj", "{9FB7663F-AF0D-4283-BBD2-46DFAB5BAE2E}"
EndProject
Global
	GlobalSection(SolutionConfigurationPlatforms) = preSolution
		Debug|Any CPU = Debug|Any CPU
		Release|Any CPU = Release|Any CPU
	EndGlobalSection
	GlobalSection(ProjectConfigurationPlatforms) = postSolution
		{9FB7663F-AF0D-4283-BBD2-46DFAB5BAE2E}.Debug|Any CPU.ActiveCfg = Debug|Any CPU
		{9FB7663F-AF0D-4283-BBD2-46DFAB5BAE2E}.Debug|Any CPU.Build.0 = Debug|Any CPU
		{9FB7663F-AF0D-4283-BBD2-46DFAB5BAE2E}.Release|Any CPU.ActiveCfg = Release|Any CPU
		{9FB7663F-AF0D-4283-BBD2-46DFAB5BAE2E}.Release|Any CPU.Build.0 = Release|Any CPU
	EndGlobalSection
EndGlobal
